<?xml version="1.0" encoding="utf-8"?>
<Project ToolsVersion="4.0" xmlns="http://schemas.microsoft.com/developer/msbuild/2003">
  <ItemGroup>
    <ClCompile Include="BEToolbox_i.c" />
    <ClCompile Include="AboutDlg.cpp">
      <Filter>Source Files</Filter>
    </ClCompile>
    <ClCompile Include="BEToolbox.cpp">
      <Filter>Source Files</Filter>
    </ClCompile>
    <ClCompile Include="BEToolboxComponentInfo.cpp">
      <Filter>Source Files</Filter>
    </ClCompile>
    <ClCompile Include="BEToolboxDoc.cpp">
      <Filter>Source Files</Filter>
    </ClCompile>
    <ClCompile Include="BEToolboxPlugin.cpp">
      <Filter>Source Files</Filter>
    </ClCompile>
    <ClCompile Include="BEToolboxStatusBar.cpp">
      <Filter>Source Files</Filter>
    </ClCompile>
    <ClCompile Include="BEToolboxUtilities.cpp">
      <Filter>Source Files</Filter>
    </ClCompile>
    <ClCompile Include="dllmain.cpp">
      <Filter>Source Files</Filter>
    </ClCompile>
    <ClCompile Include="stdafx.cpp">
      <Filter>Source Files</Filter>
    </ClCompile>
    <ClCompile Include=".\BoxGdr\BoxGdrChapterBuilder.cpp">
      <Filter>Source Files</Filter>
    </ClCompile>
    <ClCompile Include=".\BoxGdr\BoxGdrChildFrame.cpp">
      <Filter>Source Files</Filter>
    </ClCompile>
    <ClCompile Include=".\BoxGdr\BoxGdrDimensionGrid.cpp">
      <Filter>Source Files</Filter>
    </ClCompile>
    <ClCompile Include=".\BoxGdr\BoxGdrDlgBar.cpp">
      <Filter>Source Files</Filter>
    </ClCompile>
    <ClCompile Include=".\BoxGdr\BoxGdrDoc.cpp">
      <Filter>Source Files</Filter>
    </ClCompile>
    <ClCompile Include=".\BoxGdr\BoxGdrDocTemplate.cpp">
      <Filter>Source Files</Filter>
    </ClCompile>
    <ClCompile Include=".\BoxGdr\BoxGdrRptView.cpp">
      <Filter>Source Files</Filter>
    </ClCompile>
    <ClCompile Include=".\BoxGdr\BoxGdrTitlePageBuilder.cpp">
      <Filter>Source Files</Filter>
    </ClCompile>
    <ClCompile Include=".\Curvel\CurvelChapterBuilder.cpp">
      <Filter>Source Files</Filter>
    </ClCompile>
    <ClCompile Include=".\Curvel\CurvelChildFrame.cpp">
      <Filter>Source Files</Filter>
    </ClCompile>
    <ClCompile Include=".\Curvel\CurvelDoc.cpp">
      <Filter>Source Files</Filter>
    </ClCompile>
    <ClCompile Include=".\Curvel\CurvelDocTemplate.cpp">
      <Filter>Source Files</Filter>
    </ClCompile>
    <ClCompile Include=".\Curvel\CurvelExporter.cpp">
      <Filter>Source Files</Filter>
    </ClCompile>
    <ClCompile Include=".\Curvel\CurvelImporter.cpp">
      <Filter>Source Files</Filter>
    </ClCompile>
    <ClCompile Include=".\Curvel\CurvelIndividualStationGrid.cpp">
      <Filter>Source Files</Filter>
    </ClCompile>
    <ClCompile Include=".\Curvel\CurvelReportSpecification.cpp">
      <Filter>Source Files</Filter>
    </ClCompile>
    <ClCompile Include=".\Curvel\CurvelReportSpecificationBuilder.cpp">
      <Filter>Source Files</Filter>
    </ClCompile>
    <ClCompile Include=".\Curvel\CurvelReportWizard.cpp">
      <Filter>Source Files</Filter>
    </ClCompile>
    <ClCompile Include=".\Curvel\CurvelReportWizardStep1.cpp">
      <Filter>Source Files</Filter>
    </ClCompile>
    <ClCompile Include=".\Curvel\CurvelReportWizardStep2.cpp">
      <Filter>Source Files</Filter>
    </ClCompile>
    <ClCompile Include=".\Curvel\CurvelReportWizardStep3.cpp">
      <Filter>Source Files</Filter>
    </ClCompile>
    <ClCompile Include=".\Curvel\CurvelRptView.cpp">
      <Filter>Source Files</Filter>
    </ClCompile>
    <ClCompile Include=".\Curvel\CurvelSkewLineGrid.cpp">
      <Filter>Source Files</Filter>
    </ClCompile>
    <ClCompile Include=".\Curvel\CurvelStationRangeGrid.cpp">
      <Filter>Source Files</Filter>
    </ClCompile>
    <ClCompile Include=".\Curvel\CurvelTitlePageBuilder.cpp">
      <Filter>Source Files</Filter>
    </ClCompile>
    <ClCompile Include=".\GenComp\GenCompChapterBuilder.cpp">
      <Filter>Source Files</Filter>
    </ClCompile>
    <ClCompile Include=".\GenComp\GenCompChildFrame.cpp">
      <Filter>Source Files</Filter>
    </ClCompile>
    <ClCompile Include=".\GenComp\GenCompDimensionGrid.cpp">
      <Filter>Source Files</Filter>
    </ClCompile>
    <ClCompile Include=".\GenComp\GenCompDlgBar.cpp">
      <Filter>Source Files</Filter>
    </ClCompile>
    <ClCompile Include=".\GenComp\GenCompDoc.cpp">
      <Filter>Source Files</Filter>
    </ClCompile>
    <ClCompile Include=".\GenComp\GenCompDocTemplate.cpp">
      <Filter>Source Files</Filter>
    </ClCompile>
    <ClCompile Include=".\GenComp\GenCompExporter.cpp">
      <Filter>Source Files</Filter>
    </ClCompile>
    <ClCompile Include=".\GenComp\GenCompRptView.cpp">
      <Filter>Source Files</Filter>
    </ClCompile>
    <ClCompile Include=".\GenComp\GenCompTitlePageBuilder.cpp">
      <Filter>Source Files</Filter>
    </ClCompile>
    <ClCompile Include=".\GirComp\GirCompChapterBuilder.cpp">
      <Filter>Source Files</Filter>
    </ClCompile>
    <ClCompile Include=".\GirComp\GirCompChildFrame.cpp">
      <Filter>Source Files</Filter>
    </ClCompile>
    <ClCompile Include=".\GirComp\GirCompDimensionGrid.cpp">
      <Filter>Source Files</Filter>
    </ClCompile>
    <ClCompile Include=".\GirComp\GirCompDlgBar.cpp">
      <Filter>Source Files</Filter>
    </ClCompile>
    <ClCompile Include=".\GirComp\GirCompDoc.cpp">
      <Filter>Source Files</Filter>
    </ClCompile>
    <ClCompile Include=".\GirComp\GirCompDocTemplate.cpp">
      <Filter>Source Files</Filter>
    </ClCompile>
    <ClCompile Include=".\GirComp\GirCompRptView.cpp">
      <Filter>Source Files</Filter>
    </ClCompile>
    <ClCompile Include=".\GirComp\GirCompTitlePageBuilder.cpp">
      <Filter>Source Files</Filter>
    </ClCompile>
    <ClCompile Include=".\PGStable\PGStableChildFrame.cpp">
      <Filter>Source Files</Filter>
    </ClCompile>
    <ClCompile Include=".\PGStable\PGStableDoc.cpp">
      <Filter>Source Files</Filter>
    </ClCompile>
    <ClCompile Include=".\PGStable\PGStableDocTemplate.cpp">
      <Filter>Source Files</Filter>
    </ClCompile>
    <ClCompile Include=".\PGStable\PGStableEffectivePrestressDlg.cpp">
      <Filter>Source Files</Filter>
    </ClCompile>
    <ClCompile Include=".\PGStable\PGStableExporter.cpp">
      <Filter>Source Files</Filter>
    </ClCompile>
    <ClCompile Include=".\PGStable\PGStableFormView.cpp">
      <Filter>Source Files</Filter>
    </ClCompile>
    <ClCompile Include=".\PGStable\PGStableFpeGrid.cpp">
      <Filter>Source Files</Filter>
    </ClCompile>
    <ClCompile Include=".\PGStable\PGStableGirderControl.cpp">
      <Filter>Source Files</Filter>
    </ClCompile>
    <ClCompile Include=".\PGStable\PGStableGirderSectionGrid.cpp">
      <Filter>Source Files</Filter>
    </ClCompile>
    <ClCompile Include=".\PGStable\PGStableGirderView.cpp">
      <Filter>Source Files</Filter>
    </ClCompile>
    <ClCompile Include=".\PGStable\PGStableHaulingCriteria.cpp">
      <Filter>Source Files</Filter>
    </ClCompile>
    <ClCompile Include=".\PGStable\PGStableHaulingDetailsChapterBuilder.cpp">
      <Filter>Source Files</Filter>
    </ClCompile>
    <ClCompile Include=".\PGStable\PGStableHaulingSummaryChapterBuilder.cpp">
      <Filter>Source Files</Filter>
    </ClCompile>
    <ClCompile Include=".\PGStable\PGStableHaulingView.cpp">
      <Filter>Source Files</Filter>
    </ClCompile>
    <ClCompile Include=".\PGStable\PGStableLiftingCriteria.cpp">
      <Filter>Source Files</Filter>
    </ClCompile>
    <ClCompile Include=".\PGStable\PGStableLiftingDetailsChapterBuilder.cpp">
      <Filter>Source Files</Filter>
    </ClCompile>
    <ClCompile Include=".\PGStable\PGStableLiftingSummaryChapterBuilder.cpp">
      <Filter>Source Files</Filter>
    </ClCompile>
    <ClCompile Include=".\PGStable\PGStableLiftingView.cpp">
      <Filter>Source Files</Filter>
    </ClCompile>
    <ClCompile Include=".\PGStable\PGStableModel.cpp">
      <Filter>Source Files</Filter>
    </ClCompile>
    <ClCompile Include=".\PGStable\PGStableNonprismaticGirder.cpp">
      <Filter>Source Files</Filter>
    </ClCompile>
    <ClCompile Include=".\PGStable\PGStablePointLoadGrid.cpp">
      <Filter>Source Files</Filter>
    </ClCompile>
    <ClCompile Include=".\PGStable\PGStablePrismaticGirder.cpp">
      <Filter>Source Files</Filter>
    </ClCompile>
    <ClCompile Include=".\PGStable\PGStableStrands.cpp">
      <Filter>Source Files</Filter>
    </ClCompile>
    <ClCompile Include=".\PGStable\PGStableStressPointGrid.cpp">
      <Filter>Source Files</Filter>
    </ClCompile>
    <ClCompile Include=".\PGStable\PGStableTabView.cpp">
      <Filter>Source Files</Filter>
    </ClCompile>
    <ClCompile Include=".\PGStable\PGStableTitlePageBuilder.cpp">
      <Filter>Source Files</Filter>
    </ClCompile>
    <ClCompile Include=".\Spectra\ResponseSpectra.cpp">
      <Filter>Source Files</Filter>
    </ClCompile>
    <ClCompile Include=".\SpectraBuilder\SpectraValues.cpp">
      <Filter>Source Files</Filter>
    </ClCompile>
    <ClCompile Include=".\Spectra\SpectraChapterBuilder.cpp">
      <Filter>Source Files</Filter>
    </ClCompile>
    <ClCompile Include=".\Spectra\SpectraChildFrame.cpp">
      <Filter>Source Files</Filter>
    </ClCompile>
    <ClCompile Include=".\Spectra\SpectraDlgBar.cpp">
      <Filter>Source Files</Filter>
    </ClCompile>
    <ClCompile Include=".\Spectra\SpectraDoc.cpp">
      <Filter>Source Files</Filter>
    </ClCompile>
    <ClCompile Include=".\Spectra\SpectraDocTemplate.cpp">
      <Filter>Source Files</Filter>
    </ClCompile>
    <ClCompile Include=".\Spectra\SpectraRptView.cpp">
      <Filter>Source Files</Filter>
    </ClCompile>
    <ClCompile Include=".\Spectra\SpectraTitlePageBuilder.cpp">
      <Filter>Source Files</Filter>
    </ClCompile>
    <ClCompile Include=".\UltCol\UltColChapterBuilder.cpp">
      <Filter>Source Files</Filter>
    </ClCompile>
    <ClCompile Include=".\UltCol\UltColChildFrame.cpp">
      <Filter>Source Files</Filter>
    </ClCompile>
    <ClCompile Include=".\UltCol\UltColDlgBar.cpp">
      <Filter>Source Files</Filter>
    </ClCompile>
    <ClCompile Include=".\UltCol\UltColDoc.cpp">
      <Filter>Source Files</Filter>
    </ClCompile>
    <ClCompile Include=".\UltCol\UltColDocTemplate.cpp">
      <Filter>Source Files</Filter>
    </ClCompile>
    <ClCompile Include=".\UltCol\UltColTitlePageBuilder.cpp">
      <Filter>Source Files</Filter>
    </ClCompile>
    <ClCompile Include=".\UltCol\UltColView.cpp">
      <Filter>Source Files</Filter>
    </ClCompile>
  </ItemGroup>
  <ItemGroup>
    <ClInclude Include="BEToolbox_i.h" />
    <ClInclude Include="AboutDlg.h">
      <Filter>Header Files</Filter>
    </ClInclude>
    <ClInclude Include="BEToolboxApp.h">
      <Filter>Header Files</Filter>
    </ClInclude>
    <ClInclude Include="BEToolboxColors.h">
      <Filter>Header Files</Filter>
    </ClInclude>
    <ClInclude Include="BEToolboxComponentInfo.h">
      <Filter>Header Files</Filter>
    </ClInclude>
    <ClInclude Include="BEToolboxDoc.h">
      <Filter>Header Files</Filter>
    </ClInclude>
    <ClInclude Include="BEToolboxPlugin.h">
      <Filter>Header Files</Filter>
    </ClInclude>
    <ClInclude Include="BEToolboxStatusBar.h">
      <Filter>Header Files</Filter>
    </ClInclude>
    <ClInclude Include="BEToolboxTypes.h">
      <Filter>Header Files</Filter>
    </ClInclude>
    <ClInclude Include="BEToolboxUtilities.h">
      <Filter>Header Files</Filter>
    </ClInclude>
    <ClInclude Include="BEToolboxVersion.h">
      <Filter>Header Files</Filter>
    </ClInclude>
    <ClInclude Include="Documentation\BEToolbox.hh">
      <Filter>Header Files</Filter>
    </ClInclude>
    <ClInclude Include="dllmain.h">
      <Filter>Header Files</Filter>
    </ClInclude>
    <ClInclude Include="Resource.h">
      <Filter>Header Files</Filter>
    </ClInclude>
    <ClInclude Include="stdafx.h">
      <Filter>Header Files</Filter>
    </ClInclude>
    <ClInclude Include="BEToolboxLib.h">
      <Filter>Header Files</Filter>
    </ClInclude>
    <ClInclude Include="AutoLib.h">
      <Filter>Header Files</Filter>
    </ClInclude>
    <ClInclude Include="BEToolboxTool.h">
      <Filter>Header Files</Filter>
    </ClInclude>
    <ClInclude Include="ToolImpl.h">
      <Filter>Header Files</Filter>
    </ClInclude>
    <ClInclude Include="Tools.h">
      <Filter>Header Files</Filter>
    </ClInclude>
    <ClInclude Include="BETResources.h">
      <Filter>Header Files</Filter>
    </ClInclude>
    <ClInclude Include=".\BoxGdr\BoxGdrChapterBuilder.h">
      <Filter>Header Files</Filter>
    </ClInclude>
    <ClInclude Include=".\BoxGdr\BoxGdrChildFrame.h">
      <Filter>Header Files</Filter>
    </ClInclude>
    <ClInclude Include=".\BoxGdr\BoxGdrDimensionGrid.h">
      <Filter>Header Files</Filter>
    </ClInclude>
    <ClInclude Include=".\BoxGdr\BoxGdrDlgBar.h">
      <Filter>Header Files</Filter>
    </ClInclude>
    <ClInclude Include=".\BoxGdr\BoxGdrDoc.h">
      <Filter>Header Files</Filter>
    </ClInclude>
    <ClInclude Include=".\BoxGdr\BoxGdrDocTemplate.h">
      <Filter>Header Files</Filter>
    </ClInclude>
    <ClInclude Include=".\BoxGdr\BoxGdrRptView.h">
      <Filter>Header Files</Filter>
    </ClInclude>
    <ClInclude Include=".\BoxGdr\BoxGdrTitlePageBuilder.h">
      <Filter>Header Files</Filter>
    </ClInclude>
    <ClInclude Include=".\Curvel\CurvelChapterBuilder.h">
      <Filter>Header Files</Filter>
    </ClInclude>
    <ClInclude Include=".\Curvel\CurvelChildFrame.h">
      <Filter>Header Files</Filter>
    </ClInclude>
    <ClInclude Include=".\Curvel\CurvelDoc.h">
      <Filter>Header Files</Filter>
    </ClInclude>
    <ClInclude Include=".\Curvel\CurvelDocTemplate.h">
      <Filter>Header Files</Filter>
    </ClInclude>
    <ClInclude Include=".\Curvel\CurvelExporter.h">
      <Filter>Header Files</Filter>
    </ClInclude>
    <ClInclude Include=".\Curvel\CurvelImporter.h">
      <Filter>Header Files</Filter>
    </ClInclude>
    <ClInclude Include=".\Curvel\CurvelIndividualStationGrid.h">
      <Filter>Header Files</Filter>
    </ClInclude>
    <ClInclude Include=".\Curvel\CurvelReportSpecification.h">
      <Filter>Header Files</Filter>
    </ClInclude>
    <ClInclude Include=".\Curvel\CurvelReportSpecificationBuilder.h">
      <Filter>Header Files</Filter>
    </ClInclude>
    <ClInclude Include=".\Curvel\CurvelReportWizard.h">
      <Filter>Header Files</Filter>
    </ClInclude>
    <ClInclude Include=".\Curvel\CurvelReportWizardStep1.h">
      <Filter>Header Files</Filter>
    </ClInclude>
    <ClInclude Include=".\Curvel\CurvelReportWizardStep2.h">
      <Filter>Header Files</Filter>
    </ClInclude>
    <ClInclude Include=".\Curvel\CurvelReportWizardStep3.h">
      <Filter>Header Files</Filter>
    </ClInclude>
    <ClInclude Include=".\Curvel\CurvelRptView.h">
      <Filter>Header Files</Filter>
    </ClInclude>
    <ClInclude Include=".\Curvel\CurvelSkewLineGrid.h">
      <Filter>Header Files</Filter>
    </ClInclude>
    <ClInclude Include=".\Curvel\CurvelStationRangeGrid.h">
      <Filter>Header Files</Filter>
    </ClInclude>
    <ClInclude Include=".\Curvel\CurvelTitlePageBuilder.h">
      <Filter>Header Files</Filter>
    </ClInclude>
    <ClInclude Include=".\GenComp\GenCompChapterBuilder.h">
      <Filter>Header Files</Filter>
    </ClInclude>
    <ClInclude Include=".\GenComp\GenCompChildFrame.h">
      <Filter>Header Files</Filter>
    </ClInclude>
    <ClInclude Include=".\GenComp\GenCompDimensionGrid.h">
      <Filter>Header Files</Filter>
    </ClInclude>
    <ClInclude Include=".\GenComp\GenCompDlgBar.h">
      <Filter>Header Files</Filter>
    </ClInclude>
    <ClInclude Include=".\GenComp\GenCompDoc.h">
      <Filter>Header Files</Filter>
    </ClInclude>
    <ClInclude Include=".\GenComp\GenCompDocTemplate.h">
      <Filter>Header Files</Filter>
    </ClInclude>
    <ClInclude Include=".\GenComp\GenCompExporter.h">
      <Filter>Header Files</Filter>
    </ClInclude>
    <ClInclude Include=".\GenComp\GenCompRptView.h">
      <Filter>Header Files</Filter>
    </ClInclude>
    <ClInclude Include=".\GenComp\GenCompTitlePageBuilder.h">
      <Filter>Header Files</Filter>
    </ClInclude>
    <ClInclude Include=".\GirComp\GirCompChapterBuilder.h">
      <Filter>Header Files</Filter>
    </ClInclude>
    <ClInclude Include=".\GirComp\GirCompChildFrame.h">
      <Filter>Header Files</Filter>
    </ClInclude>
    <ClInclude Include=".\GirComp\GirCompDimensionGrid.h">
      <Filter>Header Files</Filter>
    </ClInclude>
    <ClInclude Include=".\GirComp\GirCompDlgBar.h">
      <Filter>Header Files</Filter>
    </ClInclude>
    <ClInclude Include=".\GirComp\GirCompDoc.h">
      <Filter>Header Files</Filter>
    </ClInclude>
    <ClInclude Include=".\GirComp\GirCompDocTemplate.h">
      <Filter>Header Files</Filter>
    </ClInclude>
    <ClInclude Include=".\GirComp\GirCompRptView.h">
      <Filter>Header Files</Filter>
    </ClInclude>
    <ClInclude Include=".\GirComp\GirCompTitlePageBuilder.h">
      <Filter>Header Files</Filter>
    </ClInclude>
    <ClInclude Include=".\PGStable\PGStableChildFrame.h">
      <Filter>Header Files</Filter>
    </ClInclude>
    <ClInclude Include=".\PGStable\PGStableDoc.h">
      <Filter>Header Files</Filter>
    </ClInclude>
    <ClInclude Include=".\PGStable\PGStableDocTemplate.h">
      <Filter>Header Files</Filter>
    </ClInclude>
    <ClInclude Include=".\PGStable\PGStableEffectivePrestressDlg.h">
      <Filter>Header Files</Filter>
    </ClInclude>
    <ClInclude Include=".\PGStable\PGStableExporter.h">
      <Filter>Header Files</Filter>
    </ClInclude>
    <ClInclude Include=".\PGStable\PGStableFormView.h">
      <Filter>Header Files</Filter>
    </ClInclude>
    <ClInclude Include=".\PGStable\PGStableFpeGrid.h">
      <Filter>Header Files</Filter>
    </ClInclude>
    <ClInclude Include=".\PGStable\PGStableGirderControl.h">
      <Filter>Header Files</Filter>
    </ClInclude>
    <ClInclude Include=".\PGStable\PGStableGirderSectionGrid.h">
      <Filter>Header Files</Filter>
    </ClInclude>
    <ClInclude Include=".\PGStable\PGStableGirderView.h">
      <Filter>Header Files</Filter>
    </ClInclude>
    <ClInclude Include=".\PGStable\PGStableHaulingCriteria.h">
      <Filter>Header Files</Filter>
    </ClInclude>
    <ClInclude Include=".\PGStable\PGStableHaulingDetailsChapterBuilder.h">
      <Filter>Header Files</Filter>
    </ClInclude>
    <ClInclude Include=".\PGStable\PGStableHaulingSummaryChapterBuilder.h">
      <Filter>Header Files</Filter>
    </ClInclude>
    <ClInclude Include=".\PGStable\PGStableHaulingView.h">
      <Filter>Header Files</Filter>
    </ClInclude>
    <ClInclude Include=".\PGStable\PGStableLiftingCriteria.h">
      <Filter>Header Files</Filter>
    </ClInclude>
    <ClInclude Include=".\PGStable\PGStableLiftingDetailsChapterBuilder.h">
      <Filter>Header Files</Filter>
    </ClInclude>
    <ClInclude Include=".\PGStable\PGStableLiftingSummaryChapterBuilder.h">
      <Filter>Header Files</Filter>
    </ClInclude>
    <ClInclude Include=".\PGStable\PGStableLiftingView.h">
      <Filter>Header Files</Filter>
    </ClInclude>
    <ClInclude Include=".\PGStable\PGStableModel.h">
      <Filter>Header Files</Filter>
    </ClInclude>
    <ClInclude Include=".\PGStable\PGStableNonprismaticGirder.h">
      <Filter>Header Files</Filter>
    </ClInclude>
    <ClInclude Include=".\PGStable\PGStablePluginCATID.h">
      <Filter>Header Files</Filter>
    </ClInclude>
    <ClInclude Include=".\PGStable\PGStablePointLoadGrid.h">
      <Filter>Header Files</Filter>
    </ClInclude>
    <ClInclude Include=".\PGStable\PGStablePrismaticGirder.h">
      <Filter>Header Files</Filter>
    </ClInclude>
    <ClInclude Include=".\PGStable\PGStableStrands.h">
      <Filter>Header Files</Filter>
    </ClInclude>
    <ClInclude Include=".\PGStable\PGStableStressPointGrid.h">
      <Filter>Header Files</Filter>
    </ClInclude>
    <ClInclude Include=".\PGStable\PGStableTabView.h">
      <Filter>Header Files</Filter>
    </ClInclude>
    <ClInclude Include=".\PGStable\PGStableTitlePageBuilder.h">
      <Filter>Header Files</Filter>
    </ClInclude>
    <ClInclude Include=".\Spectra\ResponseSpectra.h">
      <Filter>Header Files</Filter>
    </ClInclude>
    <ClInclude Include=".\SpectraBuilder\SpectraValues.h">
      <Filter>Header Files</Filter>
    </ClInclude>
    <ClInclude Include=".\Spectra\SpectraChapterBuilder.h">
      <Filter>Header Files</Filter>
    </ClInclude>
    <ClInclude Include=".\Spectra\SpectraChildFrame.h">
      <Filter>Header Files</Filter>
    </ClInclude>
    <ClInclude Include=".\Spectra\SpectraDlgBar.h">
      <Filter>Header Files</Filter>
    </ClInclude>
    <ClInclude Include=".\Spectra\SpectraDoc.h">
      <Filter>Header Files</Filter>
    </ClInclude>
    <ClInclude Include=".\Spectra\SpectraDocTemplate.h">
      <Filter>Header Files</Filter>
    </ClInclude>
    <ClInclude Include=".\Spectra\SpectraRptView.h">
      <Filter>Header Files</Filter>
    </ClInclude>
    <ClInclude Include=".\Spectra\SpectraTitlePageBuilder.h">
      <Filter>Header Files</Filter>
    </ClInclude>
    <ClInclude Include=".\UltCol\UltColChapterBuilder.h">
      <Filter>Header Files</Filter>
    </ClInclude>
    <ClInclude Include=".\UltCol\UltColChildFrame.h">
      <Filter>Header Files</Filter>
    </ClInclude>
    <ClInclude Include=".\UltCol\UltColDlgBar.h">
      <Filter>Header Files</Filter>
    </ClInclude>
    <ClInclude Include=".\UltCol\UltColDoc.h">
      <Filter>Header Files</Filter>
    </ClInclude>
    <ClInclude Include=".\UltCol\UltColDocTemplate.h">
      <Filter>Header Files</Filter>
    </ClInclude>
    <ClInclude Include=".\UltCol\UltColTitlePageBuilder.h">
      <Filter>Header Files</Filter>
    </ClInclude>
    <ClInclude Include=".\UltCol\UltColView.h">
      <Filter>Header Files</Filter>
    </ClInclude>
  </ItemGroup>
  <ItemGroup>
    <Image Include="res\BoxGdr.ico">
      <Filter>BoxGdr\Resource Files</Filter>
    </Image>
    <Image Include="res\BEToolbox.ico">
      <Filter>Resource Files</Filter>
    </Image>
    <Image Include="res\Curvel.bmp">
      <Filter>Curvel\Resource Files</Filter>
    </Image>
    <Image Include="res\Curvel.ico">
      <Filter>Curvel\Resource Files</Filter>
    </Image>
    <Image Include="res\CurvelHeader.bmp">
      <Filter>Curvel\Resource Files</Filter>
    </Image>
    <Image Include="res\CurvelWatermark.bmp">
      <Filter>Curvel\Resource Files</Filter>
    </Image>
    <Image Include="res\GenComp.bmp">
      <Filter>GenComp\Resource Files</Filter>
    </Image>
    <Image Include="res\gencomp.ico">
      <Filter>GenComp\Resource Files</Filter>
    </Image>
    <Image Include="res\GirComp.ico">
      <Filter>GirComp\Resource Files</Filter>
    </Image>
    <Image Include="res\PGStable.bmp">
      <Filter>PGStable\Resource Files</Filter>
    </Image>
    <Image Include="res\PGStable.ico">
      <Filter>PGStable\Resource Files</Filter>
    </Image>
    <Image Include="res\PGStableToolbar.bmp">
      <Filter>PGStable\Resource Files</Filter>
    </Image>
    <Image Include="res\Spectra.bmp">
      <Filter>Spectra\Resource Files</Filter>
    </Image>
    <Image Include="res\Spectra.ico">
      <Filter>Spectra\Resource Files</Filter>
    </Image>
    <Image Include="res\toolbar.bmp">
      <Filter>Resource Files</Filter>
    </Image>
    <Image Include="res\Wsdot.ico">
      <Filter>Resource Files</Filter>
    </Image>
    <Image Include="res\UltCol.ico">
      <Filter>UltCol\Resource Files</Filter>
    </Image>
  </ItemGroup>
  <ItemGroup>
    <Midl Include="BEToolbox.idl" />
  </ItemGroup>
  <ItemGroup>
    <None Include="BEToolbox.def" />
    <None Include="BEToolbox.tip" />
    <None Include="res\BoxGdr.emf">
      <Filter>BoxGdr\Resource Files</Filter>
    </None>
    <None Include="BEToolbox.rgs">
      <Filter>Resource Files</Filter>
    </None>
    <None Include="BEToolboxComponentInfo.rgs">
      <Filter>Resource Files</Filter>
    </None>
    <None Include="BEToolboxPlugin.rgs">
      <Filter>Resource Files</Filter>
    </None>
    <None Include="res\GirComp.emf">
      <Filter>GirComp\Resource Files</Filter>
    </None>
    <None Include="res\PrismaticStrandLayout.emf">
      <Filter>PGStable\Resource Files</Filter>
    </None>
    <None Include="res\StrandLayout.emf">
      <Filter>PGStable\Resource Files</Filter>
    </None>
    <None Include="res\Superelevation.emf">
      <Filter>Curvel\Resource Files</Filter>
    </None>
    <None Include="res\VertCurve.emf">
      <Filter>Curvel\Resource Files</Filter>
    </None>
    <None Include=".\BoxGdr\BoxGdrTool.rgs">
      <Filter>BoxGdr\Resource Files</Filter>
    </None>
    <None Include=".\Curvel\CurvelExporter.rgs">
      <Filter>BoxGdr\Resource Files</Filter>
    </None>
    <None Include=".\Curvel\CurvelImporter.rgs">
      <Filter>BoxGdr\Resource Files</Filter>
    </None>
    <None Include=".\Curvel\CurvelTool.rgs">
      <Filter>BoxGdr\Resource Files</Filter>
    </None>
    <None Include=".\GenComp\GenCompExporter.rgs">
      <Filter>BoxGdr\Resource Files</Filter>
    </None>
    <None Include=".\GenComp\GenCompTool.rgs">
      <Filter>BoxGdr\Resource Files</Filter>
    </None>
    <None Include=".\GirComp\GirCompTool.rgs">
      <Filter>BoxGdr\Resource Files</Filter>
    </None>
    <None Include=".\PGStable\PGStableExporter.rgs">
      <Filter>BoxGdr\Resource Files</Filter>
    </None>
    <None Include=".\PGStable\PGStableTool.rgs">
      <Filter>BoxGdr\Resource Files</Filter>
    </None>
    <None Include=".\Spectra\SpectraTool.rgs">
      <Filter>BoxGdr\Resource Files</Filter>
    </None>
    <None Include=".\UltCol\UltColTool.rgs">
      <Filter>BoxGdr\Resource Files</Filter>
    </None>
  </ItemGroup>
  <ItemGroup>
    <Filter Include="Header Files">
      <UniqueIdentifier>{4c8832da-a59b-4641-bd70-5fd4b98cac6b}</UniqueIdentifier>
      <Extensions>h;hpp;hxx;hm;inl</Extensions>
    </Filter>
    <Filter Include="Source Files">
      <UniqueIdentifier>{2670ce26-b29b-4d41-8a17-5f184b79dd24}</UniqueIdentifier>
      <Extensions>cpp;c;cxx;rc;def;r;odl;idl;hpj;bat</Extensions>
    </Filter>
    <Filter Include="BoxGdr">
      <UniqueIdentifier>{ad99211f-fe8c-4eb0-8106-1ba8ef8729e4}</UniqueIdentifier>
    </Filter>
    <Filter Include="BoxGdr\Header Files">
      <UniqueIdentifier>{152e6dcd-f099-4efd-a3f1-bf61d3cca3c5}</UniqueIdentifier>
      <Extensions>h;hpp;hxx;hm;inl</Extensions>
    </Filter>
    <Filter Include="BoxGdr\Source Files">
      <UniqueIdentifier>{0fba4e31-66e8-4447-ab59-d8503bcfd8ce}</UniqueIdentifier>
      <Extensions>cpp;c;cxx;rc;def;r;odl;idl;hpj;bat</Extensions>
    </Filter>
    <Filter Include="BoxGdr\Resource Files">
      <UniqueIdentifier>{2d7e8978-ac81-4e4c-94bd-f5d65f56b606}</UniqueIdentifier>
      <Extensions>ico;cur;bmp;dlg;rc2;rct;bin;rgs;gif;jpg;jpeg;jpe</Extensions>
    </Filter>
    <Filter Include="Resource Files">
      <UniqueIdentifier>{b0710757-c353-4fd8-a5fa-cfef0396d22d}</UniqueIdentifier>
      <Extensions>ico;cur;bmp;dlg;rc2;rct;bin;rgs;gif;jpg;jpeg;jpe</Extensions>
    </Filter>
    <Filter Include="Curvel">
      <UniqueIdentifier>{065510b3-4274-40df-8d29-e4470637f613}</UniqueIdentifier>
    </Filter>
    <Filter Include="Curvel\Header Files">
      <UniqueIdentifier>{af0d043b-7e6d-4b9b-8959-0c7e86b75d23}</UniqueIdentifier>
      <Extensions>h;hpp;hxx;hm;inl</Extensions>
    </Filter>
    <Filter Include="Curvel\Source Files">
      <UniqueIdentifier>{b30e5e35-93fd-4162-970c-9d490c0df071}</UniqueIdentifier>
      <Extensions>cpp;c;cxx;rc;def;r;odl;idl;hpj;bat</Extensions>
    </Filter>
    <Filter Include="Curvel\Resource Files">
      <UniqueIdentifier>{2cebb371-08b7-4c01-989e-018ae0d4146b}</UniqueIdentifier>
      <Extensions>ico;cur;bmp;dlg;rc2;rct;bin;rgs;gif;jpg;jpeg;jpe</Extensions>
    </Filter>
    <Filter Include="GenComp">
      <UniqueIdentifier>{28e90c08-2b5d-4eb3-94de-b2951fa92f76}</UniqueIdentifier>
    </Filter>
    <Filter Include="GenComp\Header Files">
      <UniqueIdentifier>{57a0f591-b3eb-4249-a563-b8a594f5b4d5}</UniqueIdentifier>
      <Extensions>h;hpp;hxx;hm;inl</Extensions>
    </Filter>
    <Filter Include="GenComp\Source Files">
      <UniqueIdentifier>{a1c88680-6048-4596-a9d3-dff07f4215db}</UniqueIdentifier>
      <Extensions>cpp;c;cxx;rc;def;r;odl;idl;hpj;bat</Extensions>
    </Filter>
    <Filter Include="GenComp\Resource Files">
      <UniqueIdentifier>{21669842-aedd-4229-9cea-5e7247e5ed14}</UniqueIdentifier>
      <Extensions>ico;cur;bmp;dlg;rc2;rct;bin;rgs;gif;jpg;jpeg;jpe</Extensions>
    </Filter>
    <Filter Include="GirComp">
      <UniqueIdentifier>{cc315ab9-44d4-4111-af69-434a25dfda29}</UniqueIdentifier>
    </Filter>
    <Filter Include="GirComp\Header Files">
      <UniqueIdentifier>{7d6d61af-f0fb-45ba-9d91-a73f8f449648}</UniqueIdentifier>
      <Extensions>h;hpp;hxx;hm;inl</Extensions>
    </Filter>
    <Filter Include="GirComp\Source Files">
      <UniqueIdentifier>{d86e76af-ac8c-4b22-95de-1e5c836e5fde}</UniqueIdentifier>
      <Extensions>cpp;c;cxx;rc;def;r;odl;idl;hpj;bat</Extensions>
    </Filter>
    <Filter Include="GirComp\Resource Files">
      <UniqueIdentifier>{414b090d-a1dd-4c57-9820-e3b8c516831e}</UniqueIdentifier>
      <Extensions>ico;cur;bmp;dlg;rc2;rct;bin;rgs;gif;jpg;jpeg;jpe</Extensions>
    </Filter>
    <Filter Include="PGStable">
      <UniqueIdentifier>{219cbe22-5bda-4ab4-955f-8b6271c18aa2}</UniqueIdentifier>
    </Filter>
    <Filter Include="PGStable\Header Files">
      <UniqueIdentifier>{ba425cf5-6f88-4ecc-aa13-1782a3ec7158}</UniqueIdentifier>
      <Extensions>h;hpp;hxx;hm;inl</Extensions>
    </Filter>
    <Filter Include="PGStable\Source Files">
      <UniqueIdentifier>{c5ebc1a9-a553-470a-bc74-f01e53adc137}</UniqueIdentifier>
      <Extensions>cpp;c;cxx;rc;def;r;odl;idl;hpj;bat</Extensions>
    </Filter>
    <Filter Include="PGStable\Resource Files">
      <UniqueIdentifier>{2b4a4865-eecb-446b-96b7-30bd70db4ff1}</UniqueIdentifier>
      <Extensions>ico;cur;bmp;dlg;rc2;rct;bin;rgs;gif;jpg;jpeg;jpe</Extensions>
    </Filter>
    <Filter Include="Spectra">
      <UniqueIdentifier>{61fe7f44-9e1d-430e-85b1-dbf6ca4194b5}</UniqueIdentifier>
    </Filter>
    <Filter Include="Spectra\Header Files">
      <UniqueIdentifier>{b378a81d-f087-47c0-bcb0-bc79ca3b35d9}</UniqueIdentifier>
      <Extensions>h;hpp;hxx;hm;inl</Extensions>
    </Filter>
    <Filter Include="Spectra\Source Files">
      <UniqueIdentifier>{844c1154-e849-4631-882c-4ab207e870d3}</UniqueIdentifier>
      <Extensions>cpp;c;cxx;rc;def;r;odl;idl;hpj;bat</Extensions>
    </Filter>
    <Filter Include="Spectra\Resource Files">
      <UniqueIdentifier>{c2e03787-0f2a-430e-b730-c70daede1e2b}</UniqueIdentifier>
      <Extensions>ico;cur;bmp;dlg;rc2;rct;bin;rgs;gif;jpg;jpeg;jpe</Extensions>
    </Filter>
    <Filter Include="UltCol">
      <UniqueIdentifier>{210145f0-76c0-4405-b062-c33d0fe42c89}</UniqueIdentifier>
    </Filter>
    <Filter Include="UltCol\Source Files">
      <UniqueIdentifier>{ddfceec7-1844-4428-a0a0-268c28a7396d}</UniqueIdentifier>
    </Filter>
    <Filter Include="UltCol\Header Files">
      <UniqueIdentifier>{7ad870f6-80d3-424f-b8fd-9c1752d149ca}</UniqueIdentifier>
      <Extensions>h;hpp;hxx;hm;inl</Extensions>
    </Filter>
    <Filter Include="UltCol\Resource Files">
      <UniqueIdentifier>{198e2cd4-2fe4-4ab4-9665-511260501f81}</UniqueIdentifier>
      <Extensions>ico;cur;bmp;dlg;rc2;rct;bin;rgs;gif;jpg;jpeg;jpe</Extensions>
    </Filter>
  </ItemGroup>
  <ItemGroup>
    <ResourceCompile Include="BEToolbox.rc">
      <Filter>Resource Files</Filter>
    </ResourceCompile>
  </ItemGroup>
</Project>