<?xml version="1.0" encoding="utf-8"?>
<Project ToolsVersion="4.0" xmlns="http://schemas.microsoft.com/developer/msbuild/2003">
  <ItemGroup>
    <Filter Include="Source Files">
      <UniqueIdentifier>{4FC737F1-C7A5-4376-A066-2A32D752A2FF}</UniqueIdentifier>
      <Extensions>cpp;c;cc;cxx;def;odl;idl;hpj;bat;asm;asmx</Extensions>
    </Filter>
    <Filter Include="Header Files">
      <UniqueIdentifier>{93995380-89BD-4b04-88EB-625FBE52EBFB}</UniqueIdentifier>
      <Extensions>h;hh;hpp;hxx;hm;inl;inc;xsd</Extensions>
    </Filter>
    <Filter Include="Resource Files">
      <UniqueIdentifier>{67DA6AB6-F800-4c08-8B7A-83BB121AAD01}</UniqueIdentifier>
      <Extensions>rc;ico;cur;bmp;dlg;rc2;rct;bin;rgs;gif;jpg;jpeg;jpe;resx;tiff;tif;png;wav;mfcribbon-ms</Extensions>
    </Filter>
    <Filter Include="Generated Files">
      <UniqueIdentifier>{b231b241-74c2-44fd-85b9-cd5236d28b1c}</UniqueIdentifier>
      <SourceControlFiles>False</SourceControlFiles>
    </Filter>
    <Filter Include="ExampleTool">
      <UniqueIdentifier>{6e167e82-bcbc-4cff-9115-fa59c7338835}</UniqueIdentifier>
    </Filter>
    <Filter Include="ExampleTool\Header Files">
      <UniqueIdentifier>{c218bb70-9c6f-4d94-9491-ca97f84fa623}</UniqueIdentifier>
    </Filter>
    <Filter Include="ExampleTool\Resource Files">
      <UniqueIdentifier>{c95c6cba-cdc3-494b-8764-cff12dbc4c45}</UniqueIdentifier>
    </Filter>
    <Filter Include="ExampleTool\Source Files">
      <UniqueIdentifier>{5b8cf876-1740-4667-9d9c-ac9cf343e79f}</UniqueIdentifier>
    </Filter>
  </ItemGroup>
  <ItemGroup>
    <ClCompile Include="stdafx.cpp">
      <Filter>Source Files</Filter>
    </ClCompile>
    <ClCompile Include="BEToolboxToolExample.cpp">
      <Filter>Source Files</Filter>
    </ClCompile>
    <ClCompile Include="dllmain.cpp">
      <Filter>Source Files</Filter>
    </ClCompile>
    <ClCompile Include="BEToolboxToolExample_i.c">
      <Filter>Generated Files</Filter>
    </ClCompile>
    <ClCompile Include="ExampleTool\ExampleToolChildFrame.cpp">
      <Filter>ExampleTool\Source Files</Filter>
    </ClCompile>
    <ClCompile Include="ExampleTool\ExampleToolDoc.cpp">
      <Filter>ExampleTool\Source Files</Filter>
    </ClCompile>
    <ClCompile Include="ExampleTool\ExampleToolDocTemplate.cpp">
      <Filter>ExampleTool\Source Files</Filter>
    </ClCompile>
    <ClCompile Include="ExampleTool\ExampleToolView.cpp">
      <Filter>ExampleTool\Source Files</Filter>
    </ClCompile>
  </ItemGroup>
  <ItemGroup>
    <ClInclude Include="stdafx.h">
      <Filter>Header Files</Filter>
    </ClInclude>
    <ClInclude Include="Resource.h">
      <Filter>Header Files</Filter>
    </ClInclude>
    <ClInclude Include="dllmain.h">
      <Filter>Header Files</Filter>
    </ClInclude>
    <ClInclude Include="BEToolboxToolExample_i.h">
      <Filter>Generated Files</Filter>
    </ClInclude>
    <ClInclude Include="ExampleTool\ExampleTool.h">
      <Filter>ExampleTool\Header Files</Filter>
    </ClInclude>
    <ClInclude Include="ExampleTool\ExampleTool.hh">
      <Filter>ExampleTool\Header Files</Filter>
    </ClInclude>
    <ClInclude Include="ExampleTool\ExampleToolChildFrame.h">
      <Filter>ExampleTool\Header Files</Filter>
    </ClInclude>
    <ClInclude Include="ExampleTool\ExampleToolDoc.h">
      <Filter>ExampleTool\Header Files</Filter>
    </ClInclude>
    <ClInclude Include="ExampleTool\ExampleToolDocTemplate.h">
      <Filter>ExampleTool\Header Files</Filter>
    </ClInclude>
    <ClInclude Include="ExampleTool\ExampleToolView.h">
      <Filter>ExampleTool\Header Files</Filter>
    </ClInclude>
  </ItemGroup>
  <ItemGroup>
    <ResourceCompile Include="BEToolboxToolExample.rc">
      <Filter>Resource Files</Filter>
    </ResourceCompile>
  </ItemGroup>
  <ItemGroup>
    <Text Include="ReadMe.txt" />
  </ItemGroup>
  <ItemGroup>
    <None Include="BEToolboxToolExample.rgs">
      <Filter>Resource Files</Filter>
    </None>
    <None Include="BEToolboxToolExample.def">
      <Filter>Source Files</Filter>
    </None>
    <None Include="ExampleTool\ExampleTool.rgs">
      <Filter>ExampleTool\Resource Files</Filter>
    </None>
  </ItemGroup>
  <ItemGroup>
    <Midl Include="BEToolboxToolExample.idl">
      <Filter>Source Files</Filter>
    </Midl>
  </ItemGroup>
  <ItemGroup>
    <Image Include="res\ExampleTool.ico">
      <Filter>ExampleTool\Resource Files</Filter>
    </Image>
    <Image Include="res\ExampleToolToolbar.bmp">
      <Filter>ExampleTool\Resource Files</Filter>
    </Image>
  </ItemGroup>
</Project>