<?xml version="1.0" encoding="utf-8"?>
<Project ToolsVersion="4.0" xmlns="http://schemas.microsoft.com/developer/msbuild/2003">
  <ItemGroup>
    <ClCompile Include="Curvel_Version_2.0.cxx" />
    <ClCompile Include="GenComp_Version_2.0.cxx" />
    <ClCompile Include="BEToolboxXML.cpp">
      <Filter>Source Files</Filter>
    </ClCompile>
    <ClCompile Include="Curvel.cpp">
      <Filter>Source Files</Filter>
    </ClCompile>
    <ClCompile Include="GenComp.cpp">
      <Filter>Source Files</Filter>
    </ClCompile>
    <ClCompile Include="Helpers.cpp">
      <Filter>Source Files</Filter>
    </ClCompile>
    <ClCompile Include="stdafx.cpp">
      <Filter>Source Files</Filter>
    </ClCompile>
  </ItemGroup>
  <ItemGroup>
    <ClInclude Include="Curvel_Version_2.0.hxx" />
    <ClInclude Include="GenComp_Version_2.0.hxx" />
    <ClInclude Include="AutoLib.h">
      <Filter>Header Files</Filter>
    </ClInclude>
    <ClInclude Include="BEToolboxXML.h">
      <Filter>Header Files</Filter>
    </ClInclude>
    <ClInclude Include="Curvel.h">
      <Filter>Header Files</Filter>
    </ClInclude>
    <ClInclude Include="GenComp.h">
      <Filter>Header Files</Filter>
    </ClInclude>
    <ClInclude Include="Helpers.h">
      <Filter>Header Files</Filter>
    </ClInclude>
    <ClInclude Include="resource.h">
      <Filter>Header Files</Filter>
    </ClInclude>
    <ClInclude Include="stdafx.h">
      <Filter>Header Files</Filter>
    </ClInclude>
  </ItemGroup>
  <ItemGroup>
    <Xml Include="Curvel_Version_1.0_to_Version_2.0.xslt" />
    <Xml Include="GenComp_Version_1.0_to_Version_2.0.xslt" />
  </ItemGroup>
  <ItemGroup>
    <CXX_Tree_Mapping_Rule Include="Curvel_Version_2.0.xsd" />
    <CXX_Tree_Mapping_Rule Include="GenComp_Version_2.0.xsd" />
  </ItemGroup>
  <ItemGroup>
    <Text Include="ReadMe.txt" />
  </ItemGroup>
  <ItemGroup>
    <Filter Include="Header Files">
      <UniqueIdentifier>{4e162a69-e5ec-4c36-927b-84674f950287}</UniqueIdentifier>
      <Extensions>h;hpp;hxx;hm;inl</Extensions>
    </Filter>
    <Filter Include="Source Files">
      <UniqueIdentifier>{4c2c27d0-1019-4f55-a291-24d1ffcfefab}</UniqueIdentifier>
      <Extensions>cpp;c;cxx;rc;def;r;odl;idl;hpj;bat</Extensions>
    </Filter>
    <Filter Include="Resource Files">
      <UniqueIdentifier>{261764d4-c6e2-4050-b7e3-69dd554f82da}</UniqueIdentifier>
      <Extensions>ico;cur;bmp;dlg;rc2;rct;bin;rgs;gif;jpg;jpeg;jpe</Extensions>
    </Filter>
  </ItemGroup>
  <ItemGroup>
    <ResourceCompile Include="BEToolboxXML.rc">
      <Filter>Resource Files</Filter>
    </ResourceCompile>
  </ItemGroup>
</Project>